{
  "name": "student-demo",
  "version": "1.0.0",
  "lockfileVersion": 2,
  "requires": true,
  "packages": {
    "": {
      "name": "student-demo",
      "version": "1.0.0",
      "license": "ISC",
      "dependencies": {
        "@vant/weapp": "^1.10.2",
        "wl-pinyin": "^1.0.1"
      }
    },
    "node_modules/@vant/weapp": {
      "version": "1.10.2",
      "resolved": "https://registry.npmjs.org/@vant/weapp/-/weapp-1.10.2.tgz",
      "integrity": "sha512-caqA0xQxM4lMRncFsRPPVMDdEzUBCJ4xdFXuKReXpEU3qwnVIP/WIjVDIi7mWyS7xqz8C9WfSW5JL4PrlSq31w=="
    },
    "node_modules/wl-pinyin": {
      "version": "1.0.1",
      "resolved": "https://registry.npmjs.org/wl-pinyin/-/wl-pinyin-1.0.1.tgz",
      "integrity": "sha512-cn7MSdsJoaC6a4w94OoScCui2OuJhVNOZ/DL0g+6ZHWkDxKvwUQPC5NQiOOsBGql65YTgV5DTZRUzvJ1ATbTOw=="
    }
  },
  "dependencies": {
    "@vant/weapp": {
      "version": "1.10.2",
      "resolved": "https://registry.npmjs.org/@vant/weapp/-/weapp-1.10.2.tgz",
      "integrity": "sha512-caqA0xQxM4lMRncFsRPPVMDdEzUBCJ4xdFXuKReXpEU3qwnVIP/WIjVDIi7mWyS7xqz8C9WfSW5JL4PrlSq31w=="
    },
    "wl-pinyin": {
      "version": "1.0.1",
      "resolved": "https://registry.npmjs.org/wl-pinyin/-/wl-pinyin-1.0.1.tgz",
      "integrity": "sha512-cn7MSdsJoaC6a4w94OoScCui2OuJhVNOZ/DL0g+6ZHWkDxKvwUQPC5NQiOOsBGql65YTgV5DTZRUzvJ1ATbTOw=="
    }
  }
}
